// !$*UTF8*$!
{
	archiveVersion = 1;
	classes = {
	};
	objectVersion = 51;
	objects = {

/* Begin PBXBuildFile section */
		1D3B52022EB61B1B007734BD /* Shortcuts.icon in Resources */ = {isa = PBXBuildFile; fileRef = 1D3B52012EB61B1B007734BD /* Shortcuts.icon */; };
		1D5A74002338B25E0048A2A5 /* ServiceManagement.framework in Frameworks */ = {isa = PBXBuildFile; fileRef = 1D5A73FF2338B25E0048A2A5 /* ServiceManagement.framework */; };
		1D5AD2E82334BCDF0015B220 /* Example file.png in Resources */ = {isa = PBXBuildFile; fileRef = E2D9EFE60987705A001019ED /* Example file.png */; };
		1D5AD2EE2334C4F50015B220 /* MainMenu.xib in Resources */ = {isa = PBXBuildFile; fileRef = 1D5AD2EC2334C4F40015B220 /* MainMenu.xib */; };
		1D8142ED233F51B9007D07CE /* RevealAccessibilityPrefs.scpt in Resources */ = {isa = PBXBuildFile; fileRef = 1D8142EC233F51B9007D07CE /* RevealAccessibilityPrefs.scpt */; };
		8D11072B0486CEB800E47090 /* InfoPlist.strings in Resources */ = {isa = PBXBuildFile; fileRef = 089C165CFE840E0CC02AAC07 /* InfoPlist.strings */; };
		8D11072D0486CEB800E47090 /* main.m in Sources */ = {isa = PBXBuildFile; fileRef = 29B97316FDCFA39411CA2CEA /* main.m */; settings = {ATTRIBUTES = (); }; };
		8D11072F0486CEB800E47090 /* Cocoa.framework in Frameworks */ = {isa = PBXBuildFile; fileRef = 1058C7A1FEA54F0111CA2CBB /* Cocoa.framework */; };
		E203E5AC084DABD40096323A /* Carbon.framework in Frameworks */ = {isa = PBXBuildFile; fileRef = E203E5AB084DABD40096323A /* Carbon.framework */; };
		E231487107CF276100A8707E /* ShortcutList.c in Sources */ = {isa = PBXBuildFile; fileRef = E231486F07CF276100A8707E /* ShortcutList.c */; };
		E244A6A707CB2423005CFA4F /* HotKeyWindow.m in Sources */ = {isa = PBXBuildFile; fileRef = E244A6A507CB2423005CFA4F /* HotKeyWindow.m */; };
		E24B5B1C08498EAD00DC603E /* AEDescText.cpp in Sources */ = {isa = PBXBuildFile; fileRef = E24B5B1B08498EAD00DC603E /* AEDescText.cpp */; };
		E25F1560098CD940007F67DA /* minus.tiff in Resources */ = {isa = PBXBuildFile; fileRef = E25F155F098CD940007F67DA /* minus.tiff */; };
		E25F1563098CDAD9007F67DA /* pen.tiff in Resources */ = {isa = PBXBuildFile; fileRef = E25F1562098CDAD9007F67DA /* pen.tiff */; };
		E2872D4F084C02AA00229D60 /* StatusController.mm in Sources */ = {isa = PBXBuildFile; fileRef = E2872D4E084C02AA00229D60 /* StatusController.mm */; };
		E2A2F07807C863380091B5C6 /* PluginLoading.c in Sources */ = {isa = PBXBuildFile; fileRef = E2A2F07607C863380091B5C6 /* PluginLoading.c */; };
		E2A2F09907C86D6C0091B5C6 /* BuildCMPluginList.c in Sources */ = {isa = PBXBuildFile; fileRef = E2A2F09807C86D6C0091B5C6 /* BuildCMPluginList.c */; };
		E2A2F0B507C871470091B5C6 /* ExtractCMItemData.c in Sources */ = {isa = PBXBuildFile; fileRef = E2A2F0B407C871470091B5C6 /* ExtractCMItemData.c */; };
		E2A2F0D507C8742E0091B5C6 /* ShortcutsController.m in Sources */ = {isa = PBXBuildFile; fileRef = E2A2F0D407C8742E0091B5C6 /* ShortcutsController.m */; };
		E2C835B40FE3491D00682D0D /* CocoaBezelWindow.mm in Sources */ = {isa = PBXBuildFile; fileRef = E2C835B20FE3491D00682D0D /* CocoaBezelWindow.mm */; };
		E2CC40CF0F6EDE2000486CCF /* ShortcutObserver.app in Copy Observer */ = {isa = PBXBuildFile; fileRef = E2E0F56909B4256100CD1E12 /* ShortcutObserver.app */; };
		E2D12BDE08519FF500915F17 /* Localizable.strings in Resources */ = {isa = PBXBuildFile; fileRef = E2D12BDC08519FF500915F17 /* Localizable.strings */; };
		E2D9F04F09877700001019ED /* Example folder in Resources */ = {isa = PBXBuildFile; fileRef = E2D9F04E098776FF001019ED /* Example folder */; };
		E2E579660892DEF300725BC9 /* HotKeyListController.m in Sources */ = {isa = PBXBuildFile; fileRef = E2E579650892DEF300725BC9 /* HotKeyListController.m */; };
		E2ECE667099ADDA2004B73CA /* faster.tiff in Resources */ = {isa = PBXBuildFile; fileRef = E2ECE666099ADDA2004B73CA /* faster.tiff */; };
/* End PBXBuildFile section */

/* Begin PBXContainerItemProxy section */
		1D3B52092EB69802007734BD /* PBXContainerItemProxy */ = {
			isa = PBXContainerItemProxy;
			containerPortal = 1D3B52062EB69802007734BD /* ShortcutObserver.xcodeproj */;
			proxyType = 1;
			remoteGlobalIDString = 8D0C4E890486CD37000505A6;
			remoteInfo = ShortcutObserver;
		};
		1D3B520C2EB69802007734BD /* PBXContainerItemProxy */ = {
			isa = PBXContainerItemProxy;
			containerPortal = 1D3B52062EB69802007734BD /* ShortcutObserver.xcodeproj */;
			proxyType = 2;
			remoteGlobalIDString = 8D0C4E970486CD37000505A6;
			remoteInfo = ShortcutObserver;
		};
/* End PBXContainerItemProxy section */

/* Begin PBXCopyFilesBuildPhase section */
		E2E0F57809B425BE00CD1E12 /* Copy Observer */ = {
			isa = PBXCopyFilesBuildPhase;
			buildActionMask = 2147483647;
			dstPath = Contents/Library/LoginItems;
			dstSubfolderSpec = 1;
			files = (
				E2CC40CF0F6EDE2000486CCF /* ShortcutObserver.app in Copy Observer */,
			);
			name = "Copy Observer";
			runOnlyForDeploymentPostprocessing = 0;
		};
/* End PBXCopyFilesBuildPhase section */

/* Begin PBXFileReference section */
		1058C7A1FEA54F0111CA2CBB /* Cocoa.framework */ = {isa = PBXFileReference; lastKnownFileType = wrapper.framework; name = Cocoa.framework; path = /System/Library/Frameworks/Cocoa.framework; sourceTree = "<absolute>"; };
		1D2306522E17DF0D00C3F67C /* Shortcuts-project-common.xcconfig */ = {isa = PBXFileReference; lastKnownFileType = text.xcconfig; path = "Shortcuts-project-common.xcconfig"; sourceTree = "<group>"; };
		1D2306532E17DF0D00C3F67C /* Shortcuts-project-debug.xcconfig */ = {isa = PBXFileReference; lastKnownFileType = text.xcconfig; path = "Shortcuts-project-debug.xcconfig"; sourceTree = "<group>"; };
		1D2306542E17DF0D00C3F67C /* Shortcuts-project-release.xcconfig */ = {isa = PBXFileReference; lastKnownFileType = text.xcconfig; path = "Shortcuts-project-release.xcconfig"; sourceTree = "<group>"; };
		1D2306552E17DF0D00C3F67C /* Shortcuts-version.xcconfig */ = {isa = PBXFileReference; lastKnownFileType = text.xcconfig; path = "Shortcuts-version.xcconfig"; sourceTree = "<group>"; };
		1D2306562E17DF2E00C3F67C /* Shortcuts-target.xcconfig */ = {isa = PBXFileReference; lastKnownFileType = text.xcconfig; path = "Shortcuts-target.xcconfig"; sourceTree = "<group>"; };
		1D3B52012EB61B1B007734BD /* Shortcuts.icon */ = {isa = PBXFileReference; lastKnownFileType = folder.iconcomposer.icon; path = Shortcuts.icon; sourceTree = "<group>"; };
		1D3B52062EB69802007734BD /* ShortcutObserver.xcodeproj */ = {isa = PBXFileReference; lastKnownFileType = "wrapper.pb-project"; name = ShortcutObserver.xcodeproj; path = /Users/tkukielk/Development/Shortcuts/ShortcutObserver/ShortcutObserver.xcodeproj; sourceTree = "<absolute>"; };
		1D5A73FF2338B25E0048A2A5 /* ServiceManagement.framework */ = {isa = PBXFileReference; lastKnownFileType = wrapper.framework; name = ServiceManagement.framework; path = ../../../../../System/Library/Frameworks/ServiceManagement.framework; sourceTree = "<group>"; };
		1D5AD2E42334B7A70015B220 /* en */ = {isa = PBXFileReference; lastKnownFileType = text.plist.strings; name = en; path = en.lproj/Localizable.strings; sourceTree = "<group>"; };
		1D5AD2E52334B7AD0015B220 /* en */ = {isa = PBXFileReference; lastKnownFileType = text.plist.strings; name = en; path = en.lproj/InfoPlist.strings; sourceTree = "<group>"; };
		1D5AD2E72334BB060015B220 /* Shortcuts.entitlements */ = {isa = PBXFileReference; lastKnownFileType = text.plist.entitlements; path = Shortcuts.entitlements; sourceTree = "<group>"; };
		1D5AD2ED2334C4F40015B220 /* en */ = {isa = PBXFileReference; lastKnownFileType = file.xib; name = en; path = en.lproj/MainMenu.xib; sourceTree = "<group>"; };
		1D8142E9233F35F3007D07CE /* CFObj.h */ = {isa = PBXFileReference; lastKnownFileType = sourcecode.c.h; path = CFObj.h; sourceTree = "<group>"; };
		1D8142EC233F51B9007D07CE /* RevealAccessibilityPrefs.scpt */ = {isa = PBXFileReference; lastKnownFileType = file; path = RevealAccessibilityPrefs.scpt; sourceTree = "<group>"; };
		29B97316FDCFA39411CA2CEA /* main.m */ = {isa = PBXFileReference; fileEncoding = 4; lastKnownFileType = sourcecode.c.objc; path = main.m; sourceTree = "<group>"; };
		32CA4F630368D1EE00C91783 /* Shortcuts_Prefix.pch */ = {isa = PBXFileReference; fileEncoding = 4; lastKnownFileType = sourcecode.c.h; path = Shortcuts_Prefix.pch; sourceTree = "<group>"; };
		8D1107320486CEB800E47090 /* Abracode Shortcuts.app */ = {isa = PBXFileReference; explicitFileType = wrapper.application; includeInIndex = 0; path = "Abracode Shortcuts.app"; sourceTree = BUILT_PRODUCTS_DIR; };
		E203E5AB084DABD40096323A /* Carbon.framework */ = {isa = PBXFileReference; lastKnownFileType = wrapper.framework; name = Carbon.framework; path = /System/Library/Frameworks/Carbon.framework; sourceTree = "<absolute>"; };
		E231486E07CF276100A8707E /* ShortcutList.h */ = {isa = PBXFileReference; fileEncoding = 30; lastKnownFileType = sourcecode.c.h; path = ShortcutList.h; sourceTree = SOURCE_ROOT; };
		E231486F07CF276100A8707E /* ShortcutList.c */ = {isa = PBXFileReference; fileEncoding = 30; lastKnownFileType = sourcecode.c.c; path = ShortcutList.c; sourceTree = SOURCE_ROOT; };
		E241A5C807C5C43700701308 /* ShortcutsController.h */ = {isa = PBXFileReference; fileEncoding = 4; lastKnownFileType = sourcecode.c.h; path = ShortcutsController.h; sourceTree = "<group>"; };
		E241A5DB07C5C87E00701308 /* BuildCMPluginList.h */ = {isa = PBXFileReference; fileEncoding = 4; lastKnownFileType = sourcecode.c.h; path = BuildCMPluginList.h; sourceTree = "<group>"; };
		E241A7CD07C5E46700701308 /* ExtractCMItemData.h */ = {isa = PBXFileReference; fileEncoding = 4; lastKnownFileType = sourcecode.c.h; path = ExtractCMItemData.h; sourceTree = "<group>"; };
		E244A6A407CB2423005CFA4F /* HotKeyWindow.h */ = {isa = PBXFileReference; fileEncoding = 30; lastKnownFileType = sourcecode.c.h; path = HotKeyWindow.h; sourceTree = SOURCE_ROOT; };
		E244A6A507CB2423005CFA4F /* HotKeyWindow.m */ = {isa = PBXFileReference; fileEncoding = 30; lastKnownFileType = sourcecode.c.objc; path = HotKeyWindow.m; sourceTree = SOURCE_ROOT; };
		E24B5B1A08498EAD00DC603E /* AEDescText.h */ = {isa = PBXFileReference; fileEncoding = 4; lastKnownFileType = sourcecode.c.h; path = AEDescText.h; sourceTree = "<group>"; };
		E24B5B1B08498EAD00DC603E /* AEDescText.cpp */ = {isa = PBXFileReference; fileEncoding = 4; lastKnownFileType = sourcecode.cpp.cpp; path = AEDescText.cpp; sourceTree = "<group>"; };
		E25F155F098CD940007F67DA /* minus.tiff */ = {isa = PBXFileReference; lastKnownFileType = image.tiff; path = minus.tiff; sourceTree = SOURCE_ROOT; };
		E25F1562098CDAD9007F67DA /* pen.tiff */ = {isa = PBXFileReference; lastKnownFileType = image.tiff; path = pen.tiff; sourceTree = SOURCE_ROOT; };
		E2872D4D084C02AA00229D60 /* StatusController.h */ = {isa = PBXFileReference; fileEncoding = 4; lastKnownFileType = sourcecode.c.h; path = StatusController.h; sourceTree = "<group>"; };
		E2872D4E084C02AA00229D60 /* StatusController.mm */ = {isa = PBXFileReference; fileEncoding = 4; lastKnownFileType = sourcecode.cpp.objcpp; path = StatusController.mm; sourceTree = "<group>"; };
		E2A2F07507C863380091B5C6 /* PluginLoading.h */ = {isa = PBXFileReference; fileEncoding = 4; lastKnownFileType = sourcecode.c.h; path = PluginLoading.h; sourceTree = "<group>"; };
		E2A2F07607C863380091B5C6 /* PluginLoading.c */ = {isa = PBXFileReference; fileEncoding = 4; lastKnownFileType = sourcecode.c.c; path = PluginLoading.c; sourceTree = "<group>"; };
		E2A2F09807C86D6C0091B5C6 /* BuildCMPluginList.c */ = {isa = PBXFileReference; fileEncoding = 30; lastKnownFileType = sourcecode.c.c; path = BuildCMPluginList.c; sourceTree = SOURCE_ROOT; };
		E2A2F0B407C871470091B5C6 /* ExtractCMItemData.c */ = {isa = PBXFileReference; fileEncoding = 30; lastKnownFileType = sourcecode.c.c; path = ExtractCMItemData.c; sourceTree = SOURCE_ROOT; };
		E2A2F0D407C8742E0091B5C6 /* ShortcutsController.m */ = {isa = PBXFileReference; fileEncoding = 30; lastKnownFileType = sourcecode.c.objc; path = ShortcutsController.m; sourceTree = "<group>"; };
		E2C835B10FE3491D00682D0D /* CocoaBezelWindow.h */ = {isa = PBXFileReference; fileEncoding = 4; lastKnownFileType = sourcecode.c.h; name = CocoaBezelWindow.h; path = ShortcutObserver/CocoaBezelWindow.h; sourceTree = SOURCE_ROOT; };
		E2C835B20FE3491D00682D0D /* CocoaBezelWindow.mm */ = {isa = PBXFileReference; fileEncoding = 4; lastKnownFileType = sourcecode.cpp.objcpp; name = CocoaBezelWindow.mm; path = ShortcutObserver/CocoaBezelWindow.mm; sourceTree = SOURCE_ROOT; };
		E2CC400C0F6ED57800486CCF /* Shortcuts_Info.plist */ = {isa = PBXFileReference; fileEncoding = 4; lastKnownFileType = text.plist.xml; path = Shortcuts_Info.plist; sourceTree = SOURCE_ROOT; };
		E2D9EFE60987705A001019ED /* Example file.png */ = {isa = PBXFileReference; lastKnownFileType = image.png; path = "Example file.png"; sourceTree = "<group>"; };
		E2D9F04E098776FF001019ED /* Example folder */ = {isa = PBXFileReference; lastKnownFileType = folder; path = "Example folder"; sourceTree = SOURCE_ROOT; };
		E2E0F56909B4256100CD1E12 /* ShortcutObserver.app */ = {isa = PBXFileReference; lastKnownFileType = wrapper.application; path = ShortcutObserver.app; sourceTree = BUILT_PRODUCTS_DIR; };
		E2E579640892DEF300725BC9 /* HotKeyListController.h */ = {isa = PBXFileReference; fileEncoding = 4; lastKnownFileType = sourcecode.c.h; path = HotKeyListController.h; sourceTree = "<group>"; };
		E2E579650892DEF300725BC9 /* HotKeyListController.m */ = {isa = PBXFileReference; fileEncoding = 4; lastKnownFileType = sourcecode.c.objc; path = HotKeyListController.m; sourceTree = "<group>"; };
		E2ECE666099ADDA2004B73CA /* faster.tiff */ = {isa = PBXFileReference; lastKnownFileType = image.tiff; path = faster.tiff; sourceTree = SOURCE_ROOT; };
/* End PBXFileReference section */

/* Begin PBXFrameworksBuildPhase section */
		8D11072E0486CEB800E47090 /* Frameworks */ = {
			isa = PBXFrameworksBuildPhase;
			buildActionMask = 2147483647;
			files = (
				1D5A74002338B25E0048A2A5 /* ServiceManagement.framework in Frameworks */,
				8D11072F0486CEB800E47090 /* Cocoa.framework in Frameworks */,
				E203E5AC084DABD40096323A /* Carbon.framework in Frameworks */,
			);
			runOnlyForDeploymentPostprocessing = 0;
		};
/* End PBXFrameworksBuildPhase section */

/* Begin PBXGroup section */
		080E96DDFE201D6D7F000001 /* Classes */ = {
			isa = PBXGroup;
			children = (
				E244A6A507CB2423005CFA4F /* HotKeyWindow.m */,
				E244A6A407CB2423005CFA4F /* HotKeyWindow.h */,
				E2A2F0D407C8742E0091B5C6 /* ShortcutsController.m */,
				E241A5C807C5C43700701308 /* ShortcutsController.h */,
				E2872D4E084C02AA00229D60 /* StatusController.mm */,
				E2872D4D084C02AA00229D60 /* StatusController.h */,
				E2E579650892DEF300725BC9 /* HotKeyListController.m */,
				E2E579640892DEF300725BC9 /* HotKeyListController.h */,
				E2C835B10FE3491D00682D0D /* CocoaBezelWindow.h */,
				E2C835B20FE3491D00682D0D /* CocoaBezelWindow.mm */,
			);
			name = Classes;
			sourceTree = "<group>";
		};
		1058C7A0FEA54F0111CA2CBB /* Linked Frameworks */ = {
			isa = PBXGroup;
			children = (
				1D5A73FF2338B25E0048A2A5 /* ServiceManagement.framework */,
				1058C7A1FEA54F0111CA2CBB /* Cocoa.framework */,
			);
			name = "Linked Frameworks";
			sourceTree = "<group>";
		};
		1058C7A2FEA54F0111CA2CBB /* Other Frameworks */ = {
			isa = PBXGroup;
			children = (
				E203E5AB084DABD40096323A /* Carbon.framework */,
			);
			name = "Other Frameworks";
			sourceTree = "<group>";
		};
		19C28FACFE9D520D11CA2CBB /* Products */ = {
			isa = PBXGroup;
			children = (
				8D1107320486CEB800E47090 /* Abracode Shortcuts.app */,
			);
			name = Products;
			sourceTree = "<group>";
		};
		1D3B52072EB69802007734BD /* Products */ = {
			isa = PBXGroup;
			children = (
				1D3B520D2EB69802007734BD /* ShortcutObserver.app */,
			);
			name = Products;
			sourceTree = "<group>";
		};
		1D8142E8233F35F3007D07CE /* Common */ = {
			isa = PBXGroup;
			children = (
				1D2306522E17DF0D00C3F67C /* Shortcuts-project-common.xcconfig */,
				1D2306532E17DF0D00C3F67C /* Shortcuts-project-debug.xcconfig */,
				1D2306542E17DF0D00C3F67C /* Shortcuts-project-release.xcconfig */,
				1D2306552E17DF0D00C3F67C /* Shortcuts-version.xcconfig */,
				1D8142E9233F35F3007D07CE /* CFObj.h */,
			);
			path = Common;
			sourceTree = SOURCE_ROOT;
		};
		29B97314FDCFA39411CA2CEA /* Shortcuts */ = {
			isa = PBXGroup;
			children = (
				1D5AD2E72334BB060015B220 /* Shortcuts.entitlements */,
				1D2306562E17DF2E00C3F67C /* Shortcuts-target.xcconfig */,
				1D8142E8233F35F3007D07CE /* Common */,
				080E96DDFE201D6D7F000001 /* Classes */,
				29B97315FDCFA39411CA2CEA /* Other Sources */,
				29B97317FDCFA39411CA2CEA /* Resources */,
				29B97323FDCFA39411CA2CEA /* Frameworks */,
				19C28FACFE9D520D11CA2CBB /* Products */,
				1D3B52062EB69802007734BD /* ShortcutObserver.xcodeproj */,
			);
			name = Shortcuts;
			sourceTree = "<group>";
		};
		29B97315FDCFA39411CA2CEA /* Other Sources */ = {
			isa = PBXGroup;
			children = (
				E2A2F07507C863380091B5C6 /* PluginLoading.h */,
				E2A2F07607C863380091B5C6 /* PluginLoading.c */,
				E2A2F0B407C871470091B5C6 /* ExtractCMItemData.c */,
				E241A7CD07C5E46700701308 /* ExtractCMItemData.h */,
				E241A5DB07C5C87E00701308 /* BuildCMPluginList.h */,
				E2A2F09807C86D6C0091B5C6 /* BuildCMPluginList.c */,
				E231486F07CF276100A8707E /* ShortcutList.c */,
				E231486E07CF276100A8707E /* ShortcutList.h */,
				32CA4F630368D1EE00C91783 /* Shortcuts_Prefix.pch */,
				29B97316FDCFA39411CA2CEA /* main.m */,
				E24B5B1A08498EAD00DC603E /* AEDescText.h */,
				E24B5B1B08498EAD00DC603E /* AEDescText.cpp */,
			);
			name = "Other Sources";
			sourceTree = "<group>";
		};
		29B97317FDCFA39411CA2CEA /* Resources */ = {
			isa = PBXGroup;
			children = (
				1D5AD2EC2334C4F40015B220 /* MainMenu.xib */,
				1D3B52012EB61B1B007734BD /* Shortcuts.icon */,
				E2E0F56909B4256100CD1E12 /* ShortcutObserver.app */,
				E2D9F04E098776FF001019ED /* Example folder */,
				E2D9EFE60987705A001019ED /* Example file.png */,
				E2CC400C0F6ED57800486CCF /* Shortcuts_Info.plist */,
				089C165CFE840E0CC02AAC07 /* InfoPlist.strings */,
				E2D12BDC08519FF500915F17 /* Localizable.strings */,
				E25F155F098CD940007F67DA /* minus.tiff */,
				E25F1562098CDAD9007F67DA /* pen.tiff */,
				E2ECE666099ADDA2004B73CA /* faster.tiff */,
				1D8142EC233F51B9007D07CE /* RevealAccessibilityPrefs.scpt */,
			);
			name = Resources;
			sourceTree = "<group>";
		};
		29B97323FDCFA39411CA2CEA /* Frameworks */ = {
			isa = PBXGroup;
			children = (
				1058C7A0FEA54F0111CA2CBB /* Linked Frameworks */,
				1058C7A2FEA54F0111CA2CBB /* Other Frameworks */,
			);
			name = Frameworks;
			sourceTree = "<group>";
		};
/* End PBXGroup section */

/* Begin PBXNativeTarget section */
		8D1107260486CEB800E47090 /* Shortcuts */ = {
			isa = PBXNativeTarget;
			buildConfigurationList = E24365FE08653BFD0073701F /* Build configuration list for PBXNativeTarget "Shortcuts" */;
			buildPhases = (
				8D1107290486CEB800E47090 /* Resources */,
				8D11072C0486CEB800E47090 /* Sources */,
				8D11072E0486CEB800E47090 /* Frameworks */,
				E2E0F57809B425BE00CD1E12 /* Copy Observer */,
			);
			buildRules = (
			);
			dependencies = (
				1D3B520A2EB69802007734BD /* PBXTargetDependency */,
			);
			name = Shortcuts;
			productInstallPath = "$(HOME)/Applications";
			productName = Shortcuts;
			productReference = 8D1107320486CEB800E47090 /* Abracode Shortcuts.app */;
			productType = "com.apple.product-type.application";
		};
/* End PBXNativeTarget section */

/* Begin PBXProject section */
		29B97313FDCFA39411CA2CEA /* Project object */ = {
			isa = PBXProject;
			attributes = {
				ORGANIZATIONNAME = Abracode;
			};
			buildConfigurationList = E243660208653BFD0073701F /* Build configuration list for PBXProject "Shortcuts" */;
			compatibilityVersion = "Xcode 10.0";
			developmentRegion = English;
			hasScannedForEncodings = 1;
			knownRegions = (
				English,
				en,
			);
			mainGroup = 29B97314FDCFA39411CA2CEA /* Shortcuts */;
			projectDirPath = "";
			projectReferences = (
				{
					ProductGroup = 1D3B52072EB69802007734BD /* Products */;
					ProjectRef = 1D3B52062EB69802007734BD /* ShortcutObserver.xcodeproj */;
				},
			);
			projectRoot = "";
			targets = (
				8D1107260486CEB800E47090 /* Shortcuts */,
			);
		};
/* End PBXProject section */

/* Begin PBXReferenceProxy section */
		1D3B520D2EB69802007734BD /* ShortcutObserver.app */ = {
			isa = PBXReferenceProxy;
			fileType = wrapper.application;
			path = ShortcutObserver.app;
			remoteRef = 1D3B520C2EB69802007734BD /* PBXContainerItemProxy */;
			sourceTree = BUILT_PRODUCTS_DIR;
		};
/* End PBXReferenceProxy section */

/* Begin PBXResourcesBuildPhase section */
		8D1107290486CEB800E47090 /* Resources */ = {
			isa = PBXResourcesBuildPhase;
			buildActionMask = 2147483647;
			files = (
				1D5AD2E82334BCDF0015B220 /* Example file.png in Resources */,
				8D11072B0486CEB800E47090 /* InfoPlist.strings in Resources */,
				1D8142ED233F51B9007D07CE /* RevealAccessibilityPrefs.scpt in Resources */,
				E2D12BDE08519FF500915F17 /* Localizable.strings in Resources */,
				E2D9F04F09877700001019ED /* Example folder in Resources */,
				E25F1560098CD940007F67DA /* minus.tiff in Resources */,
				E25F1563098CDAD9007F67DA /* pen.tiff in Resources */,
				E2ECE667099ADDA2004B73CA /* faster.tiff in Resources */,
				1D5AD2EE2334C4F50015B220 /* MainMenu.xib in Resources */,
				1D3B52022EB61B1B007734BD /* Shortcuts.icon in Resources */,
			);
			runOnlyForDeploymentPostprocessing = 0;
		};
/* End PBXResourcesBuildPhase section */

/* Begin PBXSourcesBuildPhase section */
		8D11072C0486CEB800E47090 /* Sources */ = {
			isa = PBXSourcesBuildPhase;
			buildActionMask = 2147483647;
			files = (
				8D11072D0486CEB800E47090 /* main.m in Sources */,
				E2A2F07807C863380091B5C6 /* PluginLoading.c in Sources */,
				E2A2F09907C86D6C0091B5C6 /* BuildCMPluginList.c in Sources */,
				E2A2F0B507C871470091B5C6 /* ExtractCMItemData.c in Sources */,
				E2A2F0D507C8742E0091B5C6 /* ShortcutsController.m in Sources */,
				E244A6A707CB2423005CFA4F /* HotKeyWindow.m in Sources */,
				E231487107CF276100A8707E /* ShortcutList.c in Sources */,
				E24B5B1C08498EAD00DC603E /* AEDescText.cpp in Sources */,
				E2872D4F084C02AA00229D60 /* StatusController.mm in Sources */,
				E2E579660892DEF300725BC9 /* HotKeyListController.m in Sources */,
				E2C835B40FE3491D00682D0D /* CocoaBezelWindow.mm in Sources */,
			);
			runOnlyForDeploymentPostprocessing = 0;
		};
/* End PBXSourcesBuildPhase section */

/* Begin PBXTargetDependency section */
		1D3B520A2EB69802007734BD /* PBXTargetDependency */ = {
			isa = PBXTargetDependency;
			name = ShortcutObserver;
			targetProxy = 1D3B52092EB69802007734BD /* PBXContainerItemProxy */;
		};
/* End PBXTargetDependency section */

/* Begin PBXVariantGroup section */
		089C165CFE840E0CC02AAC07 /* InfoPlist.strings */ = {
			isa = PBXVariantGroup;
			children = (
				1D5AD2E52334B7AD0015B220 /* en */,
			);
			name = InfoPlist.strings;
			sourceTree = "<group>";
		};
		1D5AD2EC2334C4F40015B220 /* MainMenu.xib */ = {
			isa = PBXVariantGroup;
			children = (
				1D5AD2ED2334C4F40015B220 /* en */,
			);
			name = MainMenu.xib;
			sourceTree = "<group>";
		};
		E2D12BDC08519FF500915F17 /* Localizable.strings */ = {
			isa = PBXVariantGroup;
			children = (
				1D5AD2E42334B7A70015B220 /* en */,
			);
			name = Localizable.strings;
			sourceTree = SOURCE_ROOT;
		};
/* End PBXVariantGroup section */

/* Begin XCBuildConfiguration section */
		E24365FF08653BFD0073701F /* Development */ = {
			isa = XCBuildConfiguration;
			baseConfigurationReference = 1D2306562E17DF2E00C3F67C /* Shortcuts-target.xcconfig */;
			buildSettings = {
			};
			name = Development;
		};
		E243660008653BFD0073701F /* Deployment */ = {
			isa = XCBuildConfiguration;
			baseConfigurationReference = 1D2306562E17DF2E00C3F67C /* Shortcuts-target.xcconfig */;
			buildSettings = {
				GCC_ENABLE_FIX_AND_CONTINUE = NO;
			};
			name = Deployment;
		};
		E243660308653BFD0073701F /* Development */ = {
			isa = XCBuildConfiguration;
			baseConfigurationReference = 1D2306532E17DF0D00C3F67C /* Shortcuts-project-debug.xcconfig */;
			buildSettings = {
			};
			name = Development;
		};
		E243660408653BFD0073701F /* Deployment */ = {
			isa = XCBuildConfiguration;
			baseConfigurationReference = 1D2306542E17DF0D00C3F67C /* Shortcuts-project-release.xcconfig */;
			buildSettings = {
			};
			name = Deployment;
		};
/* End XCBuildConfiguration section */

/* Begin XCConfigurationList section */
		E24365FE08653BFD0073701F /* Build configuration list for PBXNativeTarget "Shortcuts" */ = {
			isa = XCConfigurationList;
			buildConfigurations = (
				E24365FF08653BFD0073701F /* Development */,
				E243660008653BFD0073701F /* Deployment */,
			);
			defaultConfigurationIsVisible = 0;
			defaultConfigurationName = Development;
		};
		E243660208653BFD0073701F /* Build configuration list for PBXProject "Shortcuts" */ = {
			isa = XCConfigurationList;
			buildConfigurations = (
				E243660308653BFD0073701F /* Development */,
				E243660408653BFD0073701F /* Deployment */,
			);
			defaultConfigurationIsVisible = 0;
			defaultConfigurationName = Development;
		};
/* End XCConfigurationList section */
	};
	rootObject = 29B97313FDCFA39411CA2CEA /* Project object */;
}
